// !$*UTF8*$!
{
	archiveVersion = 1;
	classes = {
	};
	objectVersion = 46;
	objects = {

/* Begin PBXBuildFile section */
		200D77FC19FDBD4E00DFCBB5 /* main.m in Sources */ = {isa = PBXBuildFile; fileRef = 200D77FB19FDBD4E00DFCBB5 /* main.m */; };
		200D77FF19FDBD4E00DFCBB5 /* AppDelegate.m in Sources */ = {isa = PBXBuildFile; fileRef = 200D77FE19FDBD4E00DFCBB5 /* AppDelegate.m */; };
		200D780219FDBD4E00DFCBB5 /* StatsViewController.m in Sources */ = {isa = PBXBuildFile; fileRef = 200D780119FDBD4E00DFCBB5 /* StatsViewController.m */; };
		200D780519FDBD4E00DFCBB5 /* GraphViewController.m in Sources */ = {isa = PBXBuildFile; fileRef = 200D780419FDBD4E00DFCBB5 /* GraphViewController.m */; };
		200D780819FDBD4E00DFCBB5 /* Main.storyboard in Resources */ = {isa = PBXBuildFile; fileRef = 200D780619FDBD4E00DFCBB5 /* Main.storyboard */; };
		200D780A19FDBD4E00DFCBB5 /* Images.xcassets in Resources */ = {isa = PBXBuildFile; fileRef = 200D780919FDBD4E00DFCBB5 /* Images.xcassets */; };
		200D780D19FDBD4E00DFCBB5 /* LaunchScreen.xib in Resources */ = {isa = PBXBuildFile; fileRef = 200D780B19FDBD4E00DFCBB5 /* LaunchScreen.xib */; };
		200D781919FDBD4E00DFCBB5 /* StatHatTests.m in Sources */ = {isa = PBXBuildFile; fileRef = 200D781819FDBD4E00DFCBB5 /* StatHatTests.m */; };
		200D782719FDC06000DFCBB5 /* APIClient.m in Sources */ = {isa = PBXBuildFile; fileRef = 200D782619FDC06000DFCBB5 /* APIClient.m */; };
		200D782C19FDC08A00DFCBB5 /* Stat.m in Sources */ = {isa = PBXBuildFile; fileRef = 200D782B19FDC08A00DFCBB5 /* Stat.m */; };
		200D783219FDC0DE00DFCBB5 /* StatViewModel.m in Sources */ = {isa = PBXBuildFile; fileRef = 200D783119FDC0DE00DFCBB5 /* StatViewModel.m */; };
		200D783819FDC0F100DFCBB5 /* StatsViewModel.m in Sources */ = {isa = PBXBuildFile; fileRef = 200D783719FDC0F100DFCBB5 /* StatsViewModel.m */; };
		2019E18B19FDC223007202C7 /* DataPoint.m in Sources */ = {isa = PBXBuildFile; fileRef = 2019E18A19FDC223007202C7 /* DataPoint.m */; };
		2019E19219FDDBEA007202C7 /* GraphViewModel.m in Sources */ = {isa = PBXBuildFile; fileRef = 2019E19119FDDBEA007202C7 /* GraphViewModel.m */; };
		2019E19519FDDC01007202C7 /* Graph.m in Sources */ = {isa = PBXBuildFile; fileRef = 2019E19419FDDC01007202C7 /* Graph.m */; };
		2D54C57D23CEF04E83EAC15D /* libPods.a in Frameworks */ = {isa = PBXBuildFile; fileRef = 3640A20BF9B2E7DE23EEAE27 /* libPods.a */; };
/* End PBXBuildFile section */

/* Begin PBXContainerItemProxy section */
		200D781319FDBD4E00DFCBB5 /* PBXContainerItemProxy */ = {
			isa = PBXContainerItemProxy;
			containerPortal = 200D77EE19FDBD4E00DFCBB5 /* Project object */;
			proxyType = 1;
			remoteGlobalIDString = 200D77F519FDBD4E00DFCBB5;
			remoteInfo = StatHat;
		};
/* End PBXContainerItemProxy section */

/* Begin PBXFileReference section */
		0B99A17A98ADF9014D1F8F93 /* Pods.debug.xcconfig */ = {isa = PBXFileReference; includeInIndex = 1; lastKnownFileType = text.xcconfig; name = Pods.debug.xcconfig; path = "Pods/Target Support Files/Pods/Pods.debug.xcconfig"; sourceTree = "<group>"; };
		200D77F619FDBD4E00DFCBB5 /* StatHat.app */ = {isa = PBXFileReference; explicitFileType = wrapper.application; includeInIndex = 0; path = StatHat.app; sourceTree = BUILT_PRODUCTS_DIR; };
		200D77FA19FDBD4E00DFCBB5 /* Info.plist */ = {isa = PBXFileReference; lastKnownFileType = text.plist.xml; path = Info.plist; sourceTree = "<group>"; };
		200D77FB19FDBD4E00DFCBB5 /* main.m */ = {isa = PBXFileReference; lastKnownFileType = sourcecode.c.objc; path = main.m; sourceTree = "<group>"; };
		200D77FD19FDBD4E00DFCBB5 /* AppDelegate.h */ = {isa = PBXFileReference; lastKnownFileType = sourcecode.c.h; path = AppDelegate.h; sourceTree = "<group>"; };
		200D77FE19FDBD4E00DFCBB5 /* AppDelegate.m */ = {isa = PBXFileReference; lastKnownFileType = sourcecode.c.objc; path = AppDelegate.m; sourceTree = "<group>"; };
		200D780019FDBD4E00DFCBB5 /* StatsViewController.h */ = {isa = PBXFileReference; lastKnownFileType = sourcecode.c.h; path = StatsViewController.h; sourceTree = "<group>"; };
		200D780119FDBD4E00DFCBB5 /* StatsViewController.m */ = {isa = PBXFileReference; lastKnownFileType = sourcecode.c.objc; path = StatsViewController.m; sourceTree = "<group>"; };
		200D780319FDBD4E00DFCBB5 /* GraphViewController.h */ = {isa = PBXFileReference; lastKnownFileType = sourcecode.c.h; path = GraphViewController.h; sourceTree = "<group>"; };
		200D780419FDBD4E00DFCBB5 /* GraphViewController.m */ = {isa = PBXFileReference; lastKnownFileType = sourcecode.c.objc; path = GraphViewController.m; sourceTree = "<group>"; };
		200D780719FDBD4E00DFCBB5 /* Base */ = {isa = PBXFileReference; lastKnownFileType = file.storyboard; name = Base; path = Base.lproj/Main.storyboard; sourceTree = "<group>"; };
		200D780919FDBD4E00DFCBB5 /* Images.xcassets */ = {isa = PBXFileReference; lastKnownFileType = folder.assetcatalog; path = Images.xcassets; sourceTree = "<group>"; };
		200D780C19FDBD4E00DFCBB5 /* Base */ = {isa = PBXFileReference; lastKnownFileType = file.xib; name = Base; path = Base.lproj/LaunchScreen.xib; sourceTree = "<group>"; };
		200D781219FDBD4E00DFCBB5 /* StatHatTests.xctest */ = {isa = PBXFileReference; explicitFileType = wrapper.cfbundle; includeInIndex = 0; path = StatHatTests.xctest; sourceTree = BUILT_PRODUCTS_DIR; };
		200D781719FDBD4E00DFCBB5 /* Info.plist */ = {isa = PBXFileReference; lastKnownFileType = text.plist.xml; path = Info.plist; sourceTree = "<group>"; };
		200D781819FDBD4E00DFCBB5 /* StatHatTests.m */ = {isa = PBXFileReference; lastKnownFileType = sourcecode.c.objc; path = StatHatTests.m; sourceTree = "<group>"; };
		200D782219FDBF3D00DFCBB5 /* StatHat-Prefix.pch */ = {isa = PBXFileReference; fileEncoding = 4; lastKnownFileType = sourcecode.c.h; path = "StatHat-Prefix.pch"; sourceTree = "<group>"; };
		200D782519FDC06000DFCBB5 /* APIClient.h */ = {isa = PBXFileReference; fileEncoding = 4; lastKnownFileType = sourcecode.c.h; path = APIClient.h; sourceTree = "<group>"; };
		200D782619FDC06000DFCBB5 /* APIClient.m */ = {isa = PBXFileReference; fileEncoding = 4; lastKnownFileType = sourcecode.c.objc; path = APIClient.m; sourceTree = "<group>"; };
		200D782A19FDC08A00DFCBB5 /* Stat.h */ = {isa = PBXFileReference; fileEncoding = 4; lastKnownFileType = sourcecode.c.h; path = Stat.h; sourceTree = "<group>"; };
		200D782B19FDC08A00DFCBB5 /* Stat.m */ = {isa = PBXFileReference; fileEncoding = 4; lastKnownFileType = sourcecode.c.objc; path = Stat.m; sourceTree = "<group>"; };
		200D783019FDC0DE00DFCBB5 /* StatViewModel.h */ = {isa = PBXFileReference; fileEncoding = 4; lastKnownFileType = sourcecode.c.h; path = StatViewModel.h; sourceTree = "<group>"; };
		200D783119FDC0DE00DFCBB5 /* StatViewModel.m */ = {isa = PBXFileReference; fileEncoding = 4; lastKnownFileType = sourcecode.c.objc; path = StatViewModel.m; sourceTree = "<group>"; };
		200D783619FDC0F100DFCBB5 /* StatsViewModel.h */ = {isa = PBXFileReference; fileEncoding = 4; lastKnownFileType = sourcecode.c.h; path = StatsViewModel.h; sourceTree = "<group>"; };
		200D783719FDC0F100DFCBB5 /* StatsViewModel.m */ = {isa = PBXFileReference; fileEncoding = 4; lastKnownFileType = sourcecode.c.objc; path = StatsViewModel.m; sourceTree = "<group>"; };
		2019E18919FDC223007202C7 /* DataPoint.h */ = {isa = PBXFileReference; fileEncoding = 4; lastKnownFileType = sourcecode.c.h; path = DataPoint.h; sourceTree = "<group>"; };
		2019E18A19FDC223007202C7 /* DataPoint.m */ = {isa = PBXFileReference; fileEncoding = 4; lastKnownFileType = sourcecode.c.objc; path = DataPoint.m; sourceTree = "<group>"; };
		2019E19019FDDBEA007202C7 /* GraphViewModel.h */ = {isa = PBXFileReference; fileEncoding = 4; lastKnownFileType = sourcecode.c.h; path = GraphViewModel.h; sourceTree = "<group>"; };
		2019E19119FDDBEA007202C7 /* GraphViewModel.m */ = {isa = PBXFileReference; fileEncoding = 4; lastKnownFileType = sourcecode.c.objc; path = GraphViewModel.m; sourceTree = "<group>"; };
		2019E19319FDDC01007202C7 /* Graph.h */ = {isa = PBXFileReference; fileEncoding = 4; lastKnownFileType = sourcecode.c.h; path = Graph.h; sourceTree = "<group>"; };
		2019E19419FDDC01007202C7 /* Graph.m */ = {isa = PBXFileReference; fileEncoding = 4; lastKnownFileType = sourcecode.c.objc; path = Graph.m; sourceTree = "<group>"; };
		3640A20BF9B2E7DE23EEAE27 /* libPods.a */ = {isa = PBXFileReference; explicitFileType = archive.ar; includeInIndex = 0; path = libPods.a; sourceTree = BUILT_PRODUCTS_DIR; };
		3D49E0CB35C9C8C580D9BDA0 /* Pods.release.xcconfig */ = {isa = PBXFileReference; includeInIndex = 1; lastKnownFileType = text.xcconfig; name = Pods.release.xcconfig; path = "Pods/Target Support Files/Pods/Pods.release.xcconfig"; sourceTree = "<group>"; };
/* End PBXFileReference section */

/* Begin PBXFrameworksBuildPhase section */
		200D77F319FDBD4E00DFCBB5 /* Frameworks */ = {
			isa = PBXFrameworksBuildPhase;
			buildActionMask = 2147483647;
			files = (
				2D54C57D23CEF04E83EAC15D /* libPods.a in Frameworks */,
			);
			runOnlyForDeploymentPostprocessing = 0;
		};
		200D780F19FDBD4E00DFCBB5 /* Frameworks */ = {
			isa = PBXFrameworksBuildPhase;
			buildActionMask = 2147483647;
			files = (
			);
			runOnlyForDeploymentPostprocessing = 0;
		};
/* End PBXFrameworksBuildPhase section */

/* Begin PBXGroup section */
		200D77ED19FDBD4E00DFCBB5 = {
			isa = PBXGroup;
			children = (
				200D77F819FDBD4E00DFCBB5 /* StatHat */,
				200D781519FDBD4E00DFCBB5 /* StatHatTests */,
				200D77F719FDBD4E00DFCBB5 /* Products */,
				9BEC573A735D87859EF80D23 /* Pods */,
				264250D9F9AA6765EF1FF00B /* Frameworks */,
			);
			sourceTree = "<group>";
		};
		200D77F719FDBD4E00DFCBB5 /* Products */ = {
			isa = PBXGroup;
			children = (
				200D77F619FDBD4E00DFCBB5 /* StatHat.app */,
				200D781219FDBD4E00DFCBB5 /* StatHatTests.xctest */,
			);
			name = Products;
			sourceTree = "<group>";
		};
		200D77F819FDBD4E00DFCBB5 /* StatHat */ = {
			isa = PBXGroup;
			children = (
				200D77FD19FDBD4E00DFCBB5 /* AppDelegate.h */,
				200D77FE19FDBD4E00DFCBB5 /* AppDelegate.m */,
				200D782319FDBF8C00DFCBB5 /* UI */,
				200D782419FDBF9C00DFCBB5 /* Data Sources */,
				200D782819FDC06400DFCBB5 /* Models */,
				200D782919FDC06C00DFCBB5 /* View Models */,
				200D780919FDBD4E00DFCBB5 /* Images.xcassets */,
				200D77F919FDBD4E00DFCBB5 /* Supporting Files */,
			);
			path = StatHat;
			sourceTree = "<group>";
		};
		200D77F919FDBD4E00DFCBB5 /* Supporting Files */ = {
			isa = PBXGroup;
			children = (
				200D77FA19FDBD4E00DFCBB5 /* Info.plist */,
				200D77FB19FDBD4E00DFCBB5 /* main.m */,
				200D782219FDBF3D00DFCBB5 /* StatHat-Prefix.pch */,
			);
			name = "Supporting Files";
			sourceTree = "<group>";
		};
		200D781519FDBD4E00DFCBB5 /* StatHatTests */ = {
			isa = PBXGroup;
			children = (
				200D781819FDBD4E00DFCBB5 /* StatHatTests.m */,
				200D781619FDBD4E00DFCBB5 /* Supporting Files */,
			);
			path = StatHatTests;
			sourceTree = "<group>";
		};
		200D781619FDBD4E00DFCBB5 /* Supporting Files */ = {
			isa = PBXGroup;
			children = (
				200D781719FDBD4E00DFCBB5 /* Info.plist */,
			);
			name = "Supporting Files";
			sourceTree = "<group>";
		};
		200D782319FDBF8C00DFCBB5 /* UI */ = {
			isa = PBXGroup;
			children = (
				200D780019FDBD4E00DFCBB5 /* StatsViewController.h */,
				200D780119FDBD4E00DFCBB5 /* StatsViewController.m */,
				200D780319FDBD4E00DFCBB5 /* GraphViewController.h */,
				200D780419FDBD4E00DFCBB5 /* GraphViewController.m */,
				200D780619FDBD4E00DFCBB5 /* Main.storyboard */,
				200D780B19FDBD4E00DFCBB5 /* LaunchScreen.xib */,
			);
			name = UI;
			sourceTree = "<group>";
		};
		200D782419FDBF9C00DFCBB5 /* Data Sources */ = {
			isa = PBXGroup;
			children = (
				200D782519FDC06000DFCBB5 /* APIClient.h */,
				200D782619FDC06000DFCBB5 /* APIClient.m */,
			);
			name = "Data Sources";
			sourceTree = "<group>";
		};
		200D782819FDC06400DFCBB5 /* Models */ = {
			isa = PBXGroup;
			children = (
				2019E18C19FDD3FA007202C7 /* Responses */,
				200D782A19FDC08A00DFCBB5 /* Stat.h */,
				200D782B19FDC08A00DFCBB5 /* Stat.m */,
				2019E19319FDDC01007202C7 /* Graph.h */,
				2019E19419FDDC01007202C7 /* Graph.m */,
				2019E18919FDC223007202C7 /* DataPoint.h */,
				2019E18A19FDC223007202C7 /* DataPoint.m */,
			);
			name = Models;
			sourceTree = "<group>";
		};
		200D782919FDC06C00DFCBB5 /* View Models */ = {
			isa = PBXGroup;
			children = (
				200D783619FDC0F100DFCBB5 /* StatsViewModel.h */,
				200D783719FDC0F100DFCBB5 /* StatsViewModel.m */,
				200D783019FDC0DE00DFCBB5 /* StatViewModel.h */,
				200D783119FDC0DE00DFCBB5 /* StatViewModel.m */,
				2019E19019FDDBEA007202C7 /* GraphViewModel.h */,
				2019E19119FDDBEA007202C7 /* GraphViewModel.m */,
			);
			name = "View Models";
			sourceTree = "<group>";
		};
		2019E18C19FDD3FA007202C7 /* Responses */ = {
			isa = PBXGroup;
			children = (
			);
			name = Responses;
			sourceTree = "<group>";
		};
		264250D9F9AA6765EF1FF00B /* Frameworks */ = {
			isa = PBXGroup;
			children = (
				3640A20BF9B2E7DE23EEAE27 /* libPods.a */,
			);
			name = Frameworks;
			sourceTree = "<group>";
		};
		9BEC573A735D87859EF80D23 /* Pods */ = {
			isa = PBXGroup;
			children = (
				0B99A17A98ADF9014D1F8F93 /* Pods.debug.xcconfig */,
				3D49E0CB35C9C8C580D9BDA0 /* Pods.release.xcconfig */,
			);
			name = Pods;
			sourceTree = "<group>";
		};
/* End PBXGroup section */

/* Begin PBXNativeTarget section */
		200D77F519FDBD4E00DFCBB5 /* StatHat */ = {
			isa = PBXNativeTarget;
			buildConfigurationList = 200D781C19FDBD4E00DFCBB5 /* Build configuration list for PBXNativeTarget "StatHat" */;
			buildPhases = (
				2ACD39975CDD64E124FE9DEC /* Check Pods Manifest.lock */,
				200D77F219FDBD4E00DFCBB5 /* Sources */,
				200D77F319FDBD4E00DFCBB5 /* Frameworks */,
				200D77F419FDBD4E00DFCBB5 /* Resources */,
				83884FF93AFEF58DFC61AB3F /* Copy Pods Resources */,
			);
			buildRules = (
			);
			dependencies = (
			);
			name = StatHat;
			productName = StatHat;
			productReference = 200D77F619FDBD4E00DFCBB5 /* StatHat.app */;
			productType = "com.apple.product-type.application";
		};
		200D781119FDBD4E00DFCBB5 /* StatHatTests */ = {
			isa = PBXNativeTarget;
			buildConfigurationList = 200D781F19FDBD4E00DFCBB5 /* Build configuration list for PBXNativeTarget "StatHatTests" */;
			buildPhases = (
				200D780E19FDBD4E00DFCBB5 /* Sources */,
				200D780F19FDBD4E00DFCBB5 /* Frameworks */,
				200D781019FDBD4E00DFCBB5 /* Resources */,
			);
			buildRules = (
			);
			dependencies = (
				200D781419FDBD4E00DFCBB5 /* PBXTargetDependency */,
			);
			name = StatHatTests;
			productName = StatHatTests;
			productReference = 200D781219FDBD4E00DFCBB5 /* StatHatTests.xctest */;
			productType = "com.apple.product-type.bundle.unit-test";
		};
/* End PBXNativeTarget section */

/* Begin PBXProject section */
		200D77EE19FDBD4E00DFCBB5 /* Project object */ = {
			isa = PBXProject;
			attributes = {
				LastUpgradeCheck = 0610;
				ORGANIZATIONNAME = "Evan Coleman";
				TargetAttributes = {
					200D77F519FDBD4E00DFCBB5 = {
						CreatedOnToolsVersion = 6.1;
					};
					200D781119FDBD4E00DFCBB5 = {
						CreatedOnToolsVersion = 6.1;
						TestTargetID = 200D77F519FDBD4E00DFCBB5;
					};
				};
			};
			buildConfigurationList = 200D77F119FDBD4E00DFCBB5 /* Build configuration list for PBXProject "StatHat" */;
			compatibilityVersion = "Xcode 3.2";
			developmentRegion = English;
			hasScannedForEncodings = 0;
			knownRegions = (
				en,
				Base,
			);
			mainGroup = 200D77ED19FDBD4E00DFCBB5;
			productRefGroup = 200D77F719FDBD4E00DFCBB5 /* Products */;
			projectDirPath = "";
			projectRoot = "";
			targets = (
				200D77F519FDBD4E00DFCBB5 /* StatHat */,
				200D781119FDBD4E00DFCBB5 /* StatHatTests */,
			);
		};
/* End PBXProject section */

/* Begin PBXResourcesBuildPhase section */
		200D77F419FDBD4E00DFCBB5 /* Resources */ = {
			isa = PBXResourcesBuildPhase;
			buildActionMask = 2147483647;
			files = (
				200D780819FDBD4E00DFCBB5 /* Main.storyboard in Resources */,
				200D780D19FDBD4E00DFCBB5 /* LaunchScreen.xib in Resources */,
				200D780A19FDBD4E00DFCBB5 /* Images.xcassets in Resources */,
			);
			runOnlyForDeploymentPostprocessing = 0;
		};
		200D781019FDBD4E00DFCBB5 /* Resources */ = {
			isa = PBXResourcesBuildPhase;
			buildActionMask = 2147483647;
			files = (
			);
			runOnlyForDeploymentPostprocessing = 0;
		};
/* End PBXResourcesBuildPhase section */

/* Begin PBXShellScriptBuildPhase section */
		2ACD39975CDD64E124FE9DEC /* Check Pods Manifest.lock */ = {
			isa = PBXShellScriptBuildPhase;
			buildActionMask = 2147483647;
			files = (
			);
			inputPaths = (
			);
			name = "Check Pods Manifest.lock";
			outputPaths = (
			);
			runOnlyForDeploymentPostprocessing = 0;
			shellPath = /bin/sh;
			shellScript = "diff \"${PODS_ROOT}/../Podfile.lock\" \"${PODS_ROOT}/Manifest.lock\" > /dev/null\nif [[ $? != 0 ]] ; then\n    cat << EOM\nerror: The sandbox is not in sync with the Podfile.lock. Run 'pod install' or update your CocoaPods installation.\nEOM\n    exit 1\nfi\n";
			showEnvVarsInLog = 0;
		};
		83884FF93AFEF58DFC61AB3F /* Copy Pods Resources */ = {
			isa = PBXShellScriptBuildPhase;
			buildActionMask = 2147483647;
			files = (
			);
			inputPaths = (
			);
			name = "Copy Pods Resources";
			outputPaths = (
			);
			runOnlyForDeploymentPostprocessing = 0;
			shellPath = /bin/sh;
			shellScript = "\"${SRCROOT}/Pods/Target Support Files/Pods/Pods-resources.sh\"\n";
			showEnvVarsInLog = 0;
		};
/* End PBXShellScriptBuildPhase section */

/* Begin PBXSourcesBuildPhase section */
		200D77F219FDBD4E00DFCBB5 /* Sources */ = {
			isa = PBXSourcesBuildPhase;
			buildActionMask = 2147483647;
			files = (
				2019E19519FDDC01007202C7 /* Graph.m in Sources */,
				200D782719FDC06000DFCBB5 /* APIClient.m in Sources */,
				200D783819FDC0F100DFCBB5 /* StatsViewModel.m in Sources */,
				2019E18B19FDC223007202C7 /* DataPoint.m in Sources */,
				200D783219FDC0DE00DFCBB5 /* StatViewModel.m in Sources */,
				200D77FF19FDBD4E00DFCBB5 /* AppDelegate.m in Sources */,
				200D780219FDBD4E00DFCBB5 /* StatsViewController.m in Sources */,
				200D77FC19FDBD4E00DFCBB5 /* main.m in Sources */,
				200D780519FDBD4E00DFCBB5 /* GraphViewController.m in Sources */,
				200D782C19FDC08A00DFCBB5 /* Stat.m in Sources */,
				2019E19219FDDBEA007202C7 /* GraphViewModel.m in Sources */,
			);
			runOnlyForDeploymentPostprocessing = 0;
		};
		200D780E19FDBD4E00DFCBB5 /* Sources */ = {
			isa = PBXSourcesBuildPhase;
			buildActionMask = 2147483647;
			files = (
				200D781919FDBD4E00DFCBB5 /* StatHatTests.m in Sources */,
			);
			runOnlyForDeploymentPostprocessing = 0;
		};
/* End PBXSourcesBuildPhase section */

/* Begin PBXTargetDependency section */
		200D781419FDBD4E00DFCBB5 /* PBXTargetDependency */ = {
			isa = PBXTargetDependency;
			target = 200D77F519FDBD4E00DFCBB5 /* StatHat */;
			targetProxy = 200D781319FDBD4E00DFCBB5 /* PBXContainerItemProxy */;
		};
/* End PBXTargetDependency section */

/* Begin PBXVariantGroup section */
		200D780619FDBD4E00DFCBB5 /* Main.storyboard */ = {
			isa = PBXVariantGroup;
			children = (
				200D780719FDBD4E00DFCBB5 /* Base */,
			);
			name = Main.storyboard;
			sourceTree = "<group>";
		};
		200D780B19FDBD4E00DFCBB5 /* LaunchScreen.xib */ = {
			isa = PBXVariantGroup;
			children = (
				200D780C19FDBD4E00DFCBB5 /* Base */,
			);
			name = LaunchScreen.xib;
			sourceTree = "<group>";
		};
/* End PBXVariantGroup section */

/* Begin XCBuildConfiguration section */
		200D781A19FDBD4E00DFCBB5 /* Debug */ = {
			isa = XCBuildConfiguration;
			buildSettings = {
				ALWAYS_SEARCH_USER_PATHS = NO;
				CLANG_CXX_LANGUAGE_STANDARD = "gnu++0x";
				CLANG_CXX_LIBRARY = "libc++";
				CLANG_ENABLE_MODULES = YES;
				CLANG_ENABLE_OBJC_ARC = YES;
				CLANG_WARN_BOOL_CONVERSION = YES;
				CLANG_WARN_CONSTANT_CONVERSION = YES;
				CLANG_WARN_DIRECT_OBJC_ISA_USAGE = YES_ERROR;
				CLANG_WARN_EMPTY_BODY = YES;
				CLANG_WARN_ENUM_CONVERSION = YES;
				CLANG_WARN_INT_CONVERSION = YES;
				CLANG_WARN_OBJC_ROOT_CLASS = YES_ERROR;
				CLANG_WARN_UNREACHABLE_CODE = YES;
				CLANG_WARN__DUPLICATE_METHOD_MATCH = YES;
				"CODE_SIGN_IDENTITY[sdk=iphoneos*]" = "iPhone Developer";
				COPY_PHASE_STRIP = NO;
				ENABLE_STRICT_OBJC_MSGSEND = YES;
				GCC_C_LANGUAGE_STANDARD = gnu99;
				GCC_DYNAMIC_NO_PIC = NO;
				GCC_OPTIMIZATION_LEVEL = 0;
				GCC_PREPROCESSOR_DEFINITIONS = (
					"DEBUG=1",
					"$(inherited)",
				);
				GCC_SYMBOLS_PRIVATE_EXTERN = NO;
				GCC_WARN_64_TO_32_BIT_CONVERSION = YES;
				GCC_WARN_ABOUT_RETURN_TYPE = YES_ERROR;
				GCC_WARN_UNDECLARED_SELECTOR = YES;
				GCC_WARN_UNINITIALIZED_AUTOS = YES_AGGRESSIVE;
				GCC_WARN_UNUSED_FUNCTION = YES;
				GCC_WARN_UNUSED_VARIABLE = YES;
				IPHONEOS_DEPLOYMENT_TARGET = 8.1;
				MTL_ENABLE_DEBUG_INFO = YES;
				ONLY_ACTIVE_ARCH = YES;
				SDKROOT = iphoneos;
				TARGETED_DEVICE_FAMILY = "1,2";
			};
			name = Debug;
		};
		200D781B19FDBD4E00DFCBB5 /* Release */ = {
			isa = XCBuildConfiguration;
			buildSettings = {
				ALWAYS_SEARCH_USER_PATHS = NO;
				CLANG_CXX_LANGUAGE_STANDARD = "gnu++0x";
				CLANG_CXX_LIBRARY = "libc++";
				CLANG_ENABLE_MODULES = YES;
				CLANG_ENABLE_OBJC_ARC = YES;
				CLANG_WARN_BOOL_CONVERSION = YES;
				CLANG_WARN_CONSTANT_CONVERSION = YES;
				CLANG_WARN_DIRECT_OBJC_ISA_USAGE = YES_ERROR;
				CLANG_WARN_EMPTY_BODY = YES;
				CLANG_WARN_ENUM_CONVERSION = YES;
				CLANG_WARN_INT_CONVERSION = YES;
				CLANG_WARN_OBJC_ROOT_CLASS = YES_ERROR;
				CLANG_WARN_UNREACHABLE_CODE = YES;
				CLANG_WARN__DUPLICATE_METHOD_MATCH = YES;
				"CODE_SIGN_IDENTITY[sdk=iphoneos*]" = "iPhone Developer";
				COPY_PHASE_STRIP = YES;
				ENABLE_NS_ASSERTIONS = NO;
				ENABLE_STRICT_OBJC_MSGSEND = YES;
				GCC_C_LANGUAGE_STANDARD = gnu99;
				GCC_WARN_64_TO_32_BIT_CONVERSION = YES;
				GCC_WARN_ABOUT_RETURN_TYPE = YES_ERROR;
				GCC_WARN_UNDECLARED_SELECTOR = YES;
				GCC_WARN_UNINITIALIZED_AUTOS = YES_AGGRESSIVE;
				GCC_WARN_UNUSED_FUNCTION = YES;
				GCC_WARN_UNUSED_VARIABLE = YES;
				IPHONEOS_DEPLOYMENT_TARGET = 8.1;
				MTL_ENABLE_DEBUG_INFO = NO;
				SDKROOT = iphoneos;
				TARGETED_DEVICE_FAMILY = "1,2";
				VALIDATE_PRODUCT = YES;
			};
			name = Release;
		};
		200D781D19FDBD4E00DFCBB5 /* Debug */ = {
			isa = XCBuildConfiguration;
			baseConfigurationReference = 0B99A17A98ADF9014D1F8F93 /* Pods.debug.xcconfig */;
			buildSettings = {
				ASSETCATALOG_COMPILER_APPICON_NAME = AppIcon;
				GCC_PREFIX_HEADER = "StatHat/StatHat-Prefix.pch";
				INFOPLIST_FILE = StatHat/Info.plist;
				LD_RUNPATH_SEARCH_PATHS = "$(inherited) @executable_path/Frameworks";
				PRODUCT_NAME = "$(TARGET_NAME)";
			};
			name = Debug;
		};
		200D781E19FDBD4E00DFCBB5 /* Release */ = {
			isa = XCBuildConfiguration;
			baseConfigurationReference = 3D49E0CB35C9C8C580D9BDA0 /* Pods.release.xcconfig */;
			buildSettings = {
				ASSETCATALOG_COMPILER_APPICON_NAME = AppIcon;
				GCC_PREFIX_HEADER = "StatHat/StatHat-Prefix.pch";
				INFOPLIST_FILE = StatHat/Info.plist;
				LD_RUNPATH_SEARCH_PATHS = "$(inherited) @executable_path/Frameworks";
				PRODUCT_NAME = "$(TARGET_NAME)";
			};
			name = Release;
		};
		200D782019FDBD4E00DFCBB5 /* Debug */ = {
			isa = XCBuildConfiguration;
			buildSettings = {
				BUNDLE_LOADER = "$(TEST_HOST)";
				FRAMEWORK_SEARCH_PATHS = (
					"$(SDKROOT)/Developer/Library/Frameworks",
					"$(inherited)",
				);
				GCC_PREPROCESSOR_DEFINITIONS = (
					"DEBUG=1",
					"$(inherited)",
				);
				INFOPLIST_FILE = StatHatTests/Info.plist;
				LD_RUNPATH_SEARCH_PATHS = "$(inherited) @executable_path/Frameworks @loader_path/Frameworks";
				PRODUCT_NAME = "$(TARGET_NAME)";
				TEST_HOST = "$(BUILT_PRODUCTS_DIR)/StatHat.app/StatHat";
			};
			name = Debug;
		};
		200D782119FDBD4E00DFCBB5 /* Release */ = {
			isa = XCBuildConfiguration;
			buildSettings = {
				BUNDLE_LOADER = "$(TEST_HOST)";
				FRAMEWORK_SEARCH_PATHS = (
					"$(SDKROOT)/Developer/Library/Frameworks",
					"$(inherited)",
				);
				INFOPLIST_FILE = StatHatTests/Info.plist;
				LD_RUNPATH_SEARCH_PATHS = "$(inherited) @executable_path/Frameworks @loader_path/Frameworks";
				PRODUCT_NAME = "$(TARGET_NAME)";
				TEST_HOST = "$(BUILT_PRODUCTS_DIR)/StatHat.app/StatHat";
			};
			name = Release;
		};
/* End XCBuildConfiguration section */

/* Begin XCConfigurationList section */
		200D77F119FDBD4E00DFCBB5 /* Build configuration list for PBXProject "StatHat" */ = {
			isa = XCConfigurationList;
			buildConfigurations = (
				200D781A19FDBD4E00DFCBB5 /* Debug */,
				200D781B19FDBD4E00DFCBB5 /* Release */,
			);
			defaultConfigurationIsVisible = 0;
			defaultConfigurationName = Release;
		};
		200D781C19FDBD4E00DFCBB5 /* Build configuration list for PBXNativeTarget "StatHat" */ = {
			isa = XCConfigurationList;
			buildConfigurations = (
				200D781D19FDBD4E00DFCBB5 /* Debug */,
				200D781E19FDBD4E00DFCBB5 /* Release */,
			);
			defaultConfigurationIsVisible = 0;
			defaultConfigurationName = Release;
		};
		200D781F19FDBD4E00DFCBB5 /* Build configuration list for PBXNativeTarget "StatHatTests" */ = {
			isa = XCConfigurationList;
			buildConfigurations = (
				200D782019FDBD4E00DFCBB5 /* Debug */,
				200D782119FDBD4E00DFCBB5 /* Release */,
			);
			defaultConfigurationIsVisible = 0;
			defaultConfigurationName = Release;
		};
/* End XCConfigurationList section */
	};
	rootObject = 200D77EE19FDBD4E00DFCBB5 /* Project object */;
}
